// !$*UTF8*$!
{
	archiveVersion = 1;
	classes = {
	};
	objectVersion = 50;
	objects = {

/* Begin PBXBuildFile section */
		3096C7B02472D7210091CDBE /* AppDelegate.swift in Sources */ = {isa = PBXBuildFile; fileRef = 3096C7AF2472D7210091CDBE /* AppDelegate.swift */; };
		3096C7B22472D7210091CDBE /* SceneDelegate.swift in Sources */ = {isa = PBXBuildFile; fileRef = 3096C7B12472D7210091CDBE /* SceneDelegate.swift */; };
		3096C7B42472D7210091CDBE /* ViewController.swift in Sources */ = {isa = PBXBuildFile; fileRef = 3096C7B32472D7210091CDBE /* ViewController.swift */; };
		3096C7B72472D7210091CDBE /* Main.storyboard in Resources */ = {isa = PBXBuildFile; fileRef = 3096C7B52472D7210091CDBE /* Main.storyboard */; };
		3096C7B92472D7240091CDBE /* Assets.xcassets in Resources */ = {isa = PBXBuildFile; fileRef = 3096C7B82472D7240091CDBE /* Assets.xcassets */; };
		3096C7BC2472D7240091CDBE /* LaunchScreen.storyboard in Resources */ = {isa = PBXBuildFile; fileRef = 3096C7BA2472D7240091CDBE /* LaunchScreen.storyboard */; };
		3096C7CC2472D8100091CDBE /* CalendarCell.swift in Sources */ = {isa = PBXBuildFile; fileRef = 3096C7C32472D8100091CDBE /* CalendarCell.swift */; };
		3096C7CD2472D8100091CDBE /* CalendarCollectionViewFlowLayout.swift in Sources */ = {isa = PBXBuildFile; fileRef = 3096C7C42472D8100091CDBE /* CalendarCollectionViewFlowLayout.swift */; };
		3096C7D12472D8100091CDBE /* CalendarCell.xib in Resources */ = {isa = PBXBuildFile; fileRef = 3096C7C82472D8100091CDBE /* CalendarCell.xib */; };
		3096C7D22472D8100091CDBE /* CalendarHeader.swift in Sources */ = {isa = PBXBuildFile; fileRef = 3096C7C92472D8100091CDBE /* CalendarHeader.swift */; };
		3096C7D32472D8100091CDBE /* CalendarCollectionViewDataSource.swift in Sources */ = {isa = PBXBuildFile; fileRef = 3096C7CA2472D8100091CDBE /* CalendarCollectionViewDataSource.swift */; };
		3096C7D42472D8100091CDBE /* CalendarHeader.xib in Resources */ = {isa = PBXBuildFile; fileRef = 3096C7CB2472D8100091CDBE /* CalendarHeader.xib */; };
		3096C7DC2472D8EF0091CDBE /* CalendarManager.swift in Sources */ = {isa = PBXBuildFile; fileRef = 3096C7D92472D8EE0091CDBE /* CalendarManager.swift */; };
		3096C7DD2472D8EF0091CDBE /* CalendarRange.swift in Sources */ = {isa = PBXBuildFile; fileRef = 3096C7DA2472D8EF0091CDBE /* CalendarRange.swift */; };
/* End PBXBuildFile section */

/* Begin PBXFileReference section */
		3096C7AC2472D7210091CDBE /* CalendarGrid.app */ = {isa = PBXFileReference; explicitFileType = wrapper.application; includeInIndex = 0; path = CalendarGrid.app; sourceTree = BUILT_PRODUCTS_DIR; };
		3096C7AF2472D7210091CDBE /* AppDelegate.swift */ = {isa = PBXFileReference; lastKnownFileType = sourcecode.swift; path = AppDelegate.swift; sourceTree = "<group>"; };
		3096C7B12472D7210091CDBE /* SceneDelegate.swift */ = {isa = PBXFileReference; lastKnownFileType = sourcecode.swift; path = SceneDelegate.swift; sourceTree = "<group>"; };
		3096C7B32472D7210091CDBE /* ViewController.swift */ = {isa = PBXFileReference; lastKnownFileType = sourcecode.swift; path = ViewController.swift; sourceTree = "<group>"; };
		3096C7B62472D7210091CDBE /* Base */ = {isa = PBXFileReference; lastKnownFileType = file.storyboard; name = Base; path = Base.lproj/Main.storyboard; sourceTree = "<group>"; };
		3096C7B82472D7240091CDBE /* Assets.xcassets */ = {isa = PBXFileReference; lastKnownFileType = folder.assetcatalog; path = Assets.xcassets; sourceTree = "<group>"; };
		3096C7BB2472D7240091CDBE /* Base */ = {isa = PBXFileReference; lastKnownFileType = file.storyboard; name = Base; path = Base.lproj/LaunchScreen.storyboard; sourceTree = "<group>"; };
		3096C7BD2472D7240091CDBE /* Info.plist */ = {isa = PBXFileReference; lastKnownFileType = text.plist.xml; path = Info.plist; sourceTree = "<group>"; };
		3096C7C32472D8100091CDBE /* CalendarCell.swift */ = {isa = PBXFileReference; fileEncoding = 4; lastKnownFileType = sourcecode.swift; path = CalendarCell.swift; sourceTree = "<group>"; };
		3096C7C42472D8100091CDBE /* CalendarCollectionViewFlowLayout.swift */ = {isa = PBXFileReference; fileEncoding = 4; lastKnownFileType = sourcecode.swift; path = CalendarCollectionViewFlowLayout.swift; sourceTree = "<group>"; };
		3096C7C82472D8100091CDBE /* CalendarCell.xib */ = {isa = PBXFileReference; fileEncoding = 4; lastKnownFileType = file.xib; path = CalendarCell.xib; sourceTree = "<group>"; };
		3096C7C92472D8100091CDBE /* CalendarHeader.swift */ = {isa = PBXFileReference; fileEncoding = 4; lastKnownFileType = sourcecode.swift; path = CalendarHeader.swift; sourceTree = "<group>"; };
		3096C7CA2472D8100091CDBE /* CalendarCollectionViewDataSource.swift */ = {isa = PBXFileReference; fileEncoding = 4; lastKnownFileType = sourcecode.swift; path = CalendarCollectionViewDataSource.swift; sourceTree = "<group>"; };
		3096C7CB2472D8100091CDBE /* CalendarHeader.xib */ = {isa = PBXFileReference; fileEncoding = 4; lastKnownFileType = file.xib; path = CalendarHeader.xib; sourceTree = "<group>"; };
		3096C7D92472D8EE0091CDBE /* CalendarManager.swift */ = {isa = PBXFileReference; fileEncoding = 4; lastKnownFileType = sourcecode.swift; path = CalendarManager.swift; sourceTree = "<group>"; };
		3096C7DA2472D8EF0091CDBE /* CalendarRange.swift */ = {isa = PBXFileReference; fileEncoding = 4; lastKnownFileType = sourcecode.swift; path = CalendarRange.swift; sourceTree = "<group>"; };
/* End PBXFileReference section */

/* Begin PBXFrameworksBuildPhase section */
		3096C7A92472D7210091CDBE /* Frameworks */ = {
			isa = PBXFrameworksBuildPhase;
			buildActionMask = 2147483647;
			files = (
			);
			runOnlyForDeploymentPostprocessing = 0;
		};
/* End PBXFrameworksBuildPhase section */

/* Begin PBXGroup section */
		3096C7A32472D7210091CDBE = {
			isa = PBXGroup;
			children = (
				3096C7AE2472D7210091CDBE /* CalendarGrid */,
				3096C7AD2472D7210091CDBE /* Products */,
			);
			sourceTree = "<group>";
		};
		3096C7AD2472D7210091CDBE /* Products */ = {
			isa = PBXGroup;
			children = (
				3096C7AC2472D7210091CDBE /* CalendarGrid.app */,
			);
			name = Products;
			sourceTree = "<group>";
		};
		3096C7AE2472D7210091CDBE /* CalendarGrid */ = {
			isa = PBXGroup;
			children = (
				3096C7DE2472D8F30091CDBE /* Models */,
				3096C7DF2472D9000091CDBE /* Controllers */,
				3096C7D52472D82C0091CDBE /* Views */,
				3096C7AF2472D7210091CDBE /* AppDelegate.swift */,
				3096C7B12472D7210091CDBE /* SceneDelegate.swift */,
				3096C7B52472D7210091CDBE /* Main.storyboard */,
				3096C7B82472D7240091CDBE /* Assets.xcassets */,
				3096C7BA2472D7240091CDBE /* LaunchScreen.storyboard */,
				3096C7BD2472D7240091CDBE /* Info.plist */,
			);
			path = CalendarGrid;
			sourceTree = "<group>";
		};
		3096C7D52472D82C0091CDBE /* Views */ = {
			isa = PBXGroup;
			children = (
				3096C7CA2472D8100091CDBE /* CalendarCollectionViewDataSource.swift */,
				3096C7C42472D8100091CDBE /* CalendarCollectionViewFlowLayout.swift */,
				3096C7C32472D8100091CDBE /* CalendarCell.swift */,
				3096C7C82472D8100091CDBE /* CalendarCell.xib */,
				3096C7C92472D8100091CDBE /* CalendarHeader.swift */,
				3096C7CB2472D8100091CDBE /* CalendarHeader.xib */,
			);
			path = Views;
			sourceTree = "<group>";
		};
		3096C7DE2472D8F30091CDBE /* Models */ = {
			isa = PBXGroup;
			children = (
				3096C7D92472D8EE0091CDBE /* CalendarManager.swift */,
				3096C7DA2472D8EF0091CDBE /* CalendarRange.swift */,
			);
			path = Models;
			sourceTree = "<group>";
		};
		3096C7DF2472D9000091CDBE /* Controllers */ = {
			isa = PBXGroup;
			children = (
				3096C7B32472D7210091CDBE /* ViewController.swift */,
			);
			path = Controllers;
			sourceTree = "<group>";
		};
/* End PBXGroup section */

/* Begin PBXNativeTarget section */
		3096C7AB2472D7210091CDBE /* CalendarGrid */ = {
			isa = PBXNativeTarget;
			buildConfigurationList = 3096C7C02472D7240091CDBE /* Build configuration list for PBXNativeTarget "CalendarGrid" */;
			buildPhases = (
				3096C7A82472D7210091CDBE /* Sources */,
				3096C7A92472D7210091CDBE /* Frameworks */,
				3096C7AA2472D7210091CDBE /* Resources */,
			);
			buildRules = (
			);
			dependencies = (
			);
			name = CalendarGrid;
			productName = CalendarGrid;
			productReference = 3096C7AC2472D7210091CDBE /* CalendarGrid.app */;
			productType = "com.apple.product-type.application";
		};
/* End PBXNativeTarget section */

/* Begin PBXProject section */
		3096C7A42472D7210091CDBE /* Project object */ = {
			isa = PBXProject;
			attributes = {
				LastSwiftUpdateCheck = 1140;
				LastUpgradeCheck = 1140;
				ORGANIZATIONNAME = "Chris Harding";
				TargetAttributes = {
					3096C7AB2472D7210091CDBE = {
						CreatedOnToolsVersion = 11.4.1;
					};
				};
			};
			buildConfigurationList = 3096C7A72472D7210091CDBE /* Build configuration list for PBXProject "CalendarGrid" */;
			compatibilityVersion = "Xcode 9.3";
			developmentRegion = en;
			hasScannedForEncodings = 0;
			knownRegions = (
				en,
				Base,
			);
			mainGroup = 3096C7A32472D7210091CDBE;
			productRefGroup = 3096C7AD2472D7210091CDBE /* Products */;
			projectDirPath = "";
			projectRoot = "";
			targets = (
				3096C7AB2472D7210091CDBE /* CalendarGrid */,
			);
		};
/* End PBXProject section */

/* Begin PBXResourcesBuildPhase section */
		3096C7AA2472D7210091CDBE /* Resources */ = {
			isa = PBXResourcesBuildPhase;
			buildActionMask = 2147483647;
			files = (
				3096C7BC2472D7240091CDBE /* LaunchScreen.storyboard in Resources */,
				3096C7B92472D7240091CDBE /* Assets.xcassets in Resources */,
				3096C7B72472D7210091CDBE /* Main.storyboard in Resources */,
				3096C7D12472D8100091CDBE /* CalendarCell.xib in Resources */,
				3096C7D42472D8100091CDBE /* CalendarHeader.xib in Resources */,
			);
			runOnlyForDeploymentPostprocessing = 0;
		};
/* End PBXResourcesBuildPhase section */

/* Begin PBXSourcesBuildPhase section */
		3096C7A82472D7210091CDBE /* Sources */ = {
			isa = PBXSourcesBuildPhase;
			buildActionMask = 2147483647;
			files = (
				3096C7CC2472D8100091CDBE /* CalendarCell.swift in Sources */,
				3096C7B42472D7210091CDBE /* ViewController.swift in Sources */,
				3096C7DD2472D8EF0091CDBE /* CalendarRange.swift in Sources */,
				3096C7DC2472D8EF0091CDBE /* CalendarManager.swift in Sources */,
				3096C7D22472D8100091CDBE /* CalendarHeader.swift in Sources */,
				3096C7CD2472D8100091CDBE /* CalendarCollectionViewFlowLayout.swift in Sources */,
				3096C7B02472D7210091CDBE /* AppDelegate.swift in Sources */,
				3096C7D32472D8100091CDBE /* CalendarCollectionViewDataSource.swift in Sources */,
				3096C7B22472D7210091CDBE /* SceneDelegate.swift in Sources */,
			);
			runOnlyForDeploymentPostprocessing = 0;
		};
/* End PBXSourcesBuildPhase section */

/* Begin PBXVariantGroup section */
		3096C7B52472D7210091CDBE /* Main.storyboard */ = {
			isa = PBXVariantGroup;
			children = (
				3096C7B62472D7210091CDBE /* Base */,
			);
			name = Main.storyboard;
			sourceTree = "<group>";
		};
		3096C7BA2472D7240091CDBE /* LaunchScreen.storyboard */ = {
			isa = PBXVariantGroup;
			children = (
				3096C7BB2472D7240091CDBE /* Base */,
			);
			name = LaunchScreen.storyboard;
			sourceTree = "<group>";
		};
/* End PBXVariantGroup section */

/* Begin XCBuildConfiguration section */
		3096C7BE2472D7240091CDBE /* Debug */ = {
			isa = XCBuildConfiguration;
			buildSettings = {
				ALWAYS_SEARCH_USER_PATHS = NO;
				CLANG_ANALYZER_NONNULL = YES;
				CLANG_ANALYZER_NUMBER_OBJECT_CONVERSION = YES_AGGRESSIVE;
				CLANG_CXX_LANGUAGE_STANDARD = "gnu++14";
				CLANG_CXX_LIBRARY = "libc++";
				CLANG_ENABLE_MODULES = YES;
				CLANG_ENABLE_OBJC_ARC = YES;
				CLANG_ENABLE_OBJC_WEAK = YES;
				CLANG_WARN_BLOCK_CAPTURE_AUTORELEASING = YES;
				CLANG_WARN_BOOL_CONVERSION = YES;
				CLANG_WARN_COMMA = YES;
				CLANG_WARN_CONSTANT_CONVERSION = YES;
				CLANG_WARN_DEPRECATED_OBJC_IMPLEMENTATIONS = YES;
				CLANG_WARN_DIRECT_OBJC_ISA_USAGE = YES_ERROR;
				CLANG_WARN_DOCUMENTATION_COMMENTS = YES;
				CLANG_WARN_EMPTY_BODY = YES;
				CLANG_WARN_ENUM_CONVERSION = YES;
				CLANG_WARN_INFINITE_RECURSION = YES;
				CLANG_WARN_INT_CONVERSION = YES;
				CLANG_WARN_NON_LITERAL_NULL_CONVERSION = YES;
				CLANG_WARN_OBJC_IMPLICIT_RETAIN_SELF = YES;
				CLANG_WARN_OBJC_LITERAL_CONVERSION = YES;
				CLANG_WARN_OBJC_ROOT_CLASS = YES_ERROR;
				CLANG_WARN_RANGE_LOOP_ANALYSIS = YES;
				CLANG_WARN_STRICT_PROTOTYPES = YES;
				CLANG_WARN_SUSPICIOUS_MOVE = YES;
				CLANG_WARN_UNGUARDED_AVAILABILITY = YES_AGGRESSIVE;
				CLANG_WARN_UNREACHABLE_CODE = YES;
				CLANG_WARN__DUPLICATE_METHOD_MATCH = YES;
				COPY_PHASE_STRIP = NO;
				DEBUG_INFORMATION_FORMAT = dwarf;
				ENABLE_STRICT_OBJC_MSGSEND = YES;
				ENABLE_TESTABILITY = YES;
				GCC_C_LANGUAGE_STANDARD = gnu11;
				GCC_DYNAMIC_NO_PIC = NO;
				GCC_NO_COMMON_BLOCKS = YES;
				GCC_OPTIMIZATION_LEVEL = 0;
				GCC_PREPROCESSOR_DEFINITIONS = (
					"DEBUG=1",
					"$(inherited)",
				);
				GCC_WARN_64_TO_32_BIT_CONVERSION = YES;
				GCC_WARN_ABOUT_RETURN_TYPE = YES_ERROR;
				GCC_WARN_UNDECLARED_SELECTOR = YES;
				GCC_WARN_UNINITIALIZED_AUTOS = YES_AGGRESSIVE;
				GCC_WARN_UNUSED_FUNCTION = YES;
				GCC_WARN_UNUSED_VARIABLE = YES;
				IPHONEOS_DEPLOYMENT_TARGET = 13.0;
				MTL_ENABLE_DEBUG_INFO = INCLUDE_SOURCE;
				MTL_FAST_MATH = YES;
				ONLY_ACTIVE_ARCH = YES;
				SDKROOT = iphoneos;
				SWIFT_ACTIVE_COMPILATION_CONDITIONS = DEBUG;
				SWIFT_OPTIMIZATION_LEVEL = "-Onone";
			};
			name = Debug;
		};
		3096C7BF2472D7240091CDBE /* Release */ = {
			isa = XCBuildConfiguration;
			buildSettings = {
				ALWAYS_SEARCH_USER_PATHS = NO;
				CLANG_ANALYZER_NONNULL = YES;
				CLANG_ANALYZER_NUMBER_OBJECT_CONVERSION = YES_AGGRESSIVE;
				CLANG_CXX_LANGUAGE_STANDARD = "gnu++14";
				CLANG_CXX_LIBRARY = "libc++";
				CLANG_ENABLE_MODULES = YES;
				CLANG_ENABLE_OBJC_ARC = YES;
				CLANG_ENABLE_OBJC_WEAK = YES;
				CLANG_WARN_BLOCK_CAPTURE_AUTORELEASING = YES;
				CLANG_WARN_BOOL_CONVERSION = YES;
				CLANG_WARN_COMMA = YES;
				CLANG_WARN_CONSTANT_CONVERSION = YES;
				CLANG_WARN_DEPRECATED_OBJC_IMPLEMENTATIONS = YES;
				CLANG_WARN_DIRECT_OBJC_ISA_USAGE = YES_ERROR;
				CLANG_WARN_DOCUMENTATION_COMMENTS = YES;
				CLANG_WARN_EMPTY_BODY = YES;
				CLANG_WARN_ENUM_CONVERSION = YES;
				CLANG_WARN_INFINITE_RECURSION = YES;
				CLANG_WARN_INT_CONVERSION = YES;
				CLANG_WARN_NON_LITERAL_NULL_CONVERSION = YES;
				CLANG_WARN_OBJC_IMPLICIT_RETAIN_SELF = YES;
				CLANG_WARN_OBJC_LITERAL_CONVERSION = YES;
				CLANG_WARN_OBJC_ROOT_CLASS = YES_ERROR;
				CLANG_WARN_RANGE_LOOP_ANALYSIS = YES;
				CLANG_WARN_STRICT_PROTOTYPES = YES;
				CLANG_WARN_SUSPICIOUS_MOVE = YES;
				CLANG_WARN_UNGUARDED_AVAILABILITY = YES_AGGRESSIVE;
				CLANG_WARN_UNREACHABLE_CODE = YES;
				CLANG_WARN__DUPLICATE_METHOD_MATCH = YES;
				COPY_PHASE_STRIP = NO;
				DEBUG_INFORMATION_FORMAT = "dwarf-with-dsym";
				ENABLE_NS_ASSERTIONS = NO;
				ENABLE_STRICT_OBJC_MSGSEND = YES;
				GCC_C_LANGUAGE_STANDARD = gnu11;
				GCC_NO_COMMON_BLOCKS = YES;
				GCC_WARN_64_TO_32_BIT_CONVERSION = YES;
				GCC_WARN_ABOUT_RETURN_TYPE = YES_ERROR;
				GCC_WARN_UNDECLARED_SELECTOR = YES;
				GCC_WARN_UNINITIALIZED_AUTOS = YES_AGGRESSIVE;
				GCC_WARN_UNUSED_FUNCTION = YES;
				GCC_WARN_UNUSED_VARIABLE = YES;
				IPHONEOS_DEPLOYMENT_TARGET = 13.0;
				MTL_ENABLE_DEBUG_INFO = NO;
				MTL_FAST_MATH = YES;
				SDKROOT = iphoneos;
				SWIFT_COMPILATION_MODE = wholemodule;
				SWIFT_OPTIMIZATION_LEVEL = "-O";
				VALIDATE_PRODUCT = YES;
			};
			name = Release;
		};
		3096C7C12472D7240091CDBE /* Debug */ = {
			isa = XCBuildConfiguration;
			buildSettings = {
				ASSETCATALOG_COMPILER_APPICON_NAME = AppIcon;
				CODE_SIGN_STYLE = Automatic;
				INFOPLIST_FILE = CalendarGrid/Info.plist;
				LD_RUNPATH_SEARCH_PATHS = (
					"$(inherited)",
					"@executable_path/Frameworks",
				);
				PRODUCT_BUNDLE_IDENTIFIER = io.chrisharding.CalendarGrid;
				PRODUCT_NAME = "$(TARGET_NAME)";
				SWIFT_VERSION = 5.0;
				TARGETED_DEVICE_FAMILY = "1,2";
			};
			name = Debug;
		};
		3096C7C22472D7240091CDBE /* Release */ = {
			isa = XCBuildConfiguration;
			buildSettings = {
				ASSETCATALOG_COMPILER_APPICON_NAME = AppIcon;
				CODE_SIGN_STYLE = Automatic;
				INFOPLIST_FILE = CalendarGrid/Info.plist;
				LD_RUNPATH_SEARCH_PATHS = (
					"$(inherited)",
					"@executable_path/Frameworks",
				);
				PRODUCT_BUNDLE_IDENTIFIER = io.chrisharding.CalendarGrid;
				PRODUCT_NAME = "$(TARGET_NAME)";
				SWIFT_VERSION = 5.0;
				TARGETED_DEVICE_FAMILY = "1,2";
			};
			name = Release;
		};
/* End XCBuildConfiguration section */

/* Begin XCConfigurationList section */
		3096C7A72472D7210091CDBE /* Build configuration list for PBXProject "CalendarGrid" */ = {
			isa = XCConfigurationList;
			buildConfigurations = (
				3096C7BE2472D7240091CDBE /* Debug */,
				3096C7BF2472D7240091CDBE /* Release */,
			);
			defaultConfigurationIsVisible = 0;
			defaultConfigurationName = Release;
		};
		3096C7C02472D7240091CDBE /* Build configuration list for PBXNativeTarget "CalendarGrid" */ = {
			isa = XCConfigurationList;
			buildConfigurations = (
				3096C7C12472D7240091CDBE /* Debug */,
				3096C7C22472D7240091CDBE /* Release */,
			);
			defaultConfigurationIsVisible = 0;
			defaultConfigurationName = Release;
		};
/* End XCConfigurationList section */
	};
	rootObject = 3096C7A42472D7210091CDBE /* Project object */;
}
